
Microsoft Visual Studio Solution File, Format Version 12.00
# Visual Studio Version 16
VisualStudioVersion = 16.0.31605.320
MinimumVisualStudioVersion = 10.0.40219.1
Project("{FAE04EC0-301F-11D3-BF4B-00C04F79EFBC}") = "ConsoleApp2", "ConsoleApp2\ConsoleApp2.csproj", "{DD0F807A-4C32-4C4C-844D-31AEFAB580B2}"
EndProject
Project("{FAE04EC0-301F-11D3-BF4B-00C04F79EFBC}") = "MoodAnalyserMSTest", "MoodAnalyserMSTest\MoodAnalyserMSTest.csproj", "{C77F2488-0F26-4F8D-A64A-1A2229F61921}"
EndProject
Global
	GlobalSection(SolutionConfigurationPlatforms) = preSolution
		Debug|Any CPU = Debug|Any CPU
		Release|Any CPU = Release|Any CPU
	EndGlobalSection
	GlobalSection(ProjectConfigurationPlatforms) = postSolution
		{DD0F807A-4C32-4C4C-844D-31AEFAB580B2}.Debug|Any CPU.ActiveCfg = Debug|Any CPU
		{DD0F807A-4C32-4C4C-844D-31AEFAB580B2}.Debug|Any CPU.Build.0 = Debug|Any CPU
		{DD0F807A-4C32-4C4C-844D-31AEFAB580B2}.Release|Any CPU.ActiveCfg = Release|Any CPU
		{DD0F807A-4C32-4C4C-844D-31AEFAB580B2}.Release|Any CPU.Build.0 = Release|Any CPU
		{C77F2488-0F26-4F8D-A64A-1A2229F61921}.Debug|Any CPU.ActiveCfg = Debug|Any CPU
		{C77F2488-0F26-4F8D-A64A-1A2229F61921}.Debug|Any CPU.Build.0 = Debug|Any CPU
		{C77F2488-0F26-4F8D-A64A-1A2229F61921}.Release|Any CPU.ActiveCfg = Release|Any CPU
		{C77F2488-0F26-4F8D-A64A-1A2229F61921}.Release|Any CPU.Build.0 = Release|Any CPU
	EndGlobalSection
	GlobalSection(SolutionProperties) = preSolution
		HideSolutionNode = FALSE
	EndGlobalSection
	GlobalSection(ExtensibilityGlobals) = postSolution
		SolutionGuid = {9B5760F4-F327-4548-9458-47C4C064795C}
	EndGlobalSection
EndGlobal
